
Microsoft Visual Studio Solution File, Format Version 12.00
# Visual Studio Version 16
VisualStudioVersion = 16.0.31911.196
MinimumVisualStudioVersion = 10.0.40219.1
Project("{FAE04EC0-301F-11D3-BF4B-00C04F79EFBC}") = "MakeConst", "MakeConst\MakeConst\MakeConst.csproj", "{2CBCCBCD-8ECE-4162-B5B6-6B7D0CACC59F}"
EndProject
Project("{FAE04EC0-301F-11D3-BF4B-00C04F79EFBC}") = "MakeConst.CodeFixes", "MakeConst\MakeConst.CodeFixes\MakeConst.CodeFixes.csproj", "{3AA76449-17F0-4BB3-A4E5-BB344C54D4D5}"
EndProject
Project("{FAE04EC0-301F-11D3-BF4B-00C04F79EFBC}") = "MakeConst.Package", "MakeConst\MakeConst.Package\MakeConst.Package.csproj", "{B8B2EBAD-E0D7-489F-BCC7-C8CE4A412D29}"
EndProject
Project("{FAE04EC0-301F-11D3-BF4B-00C04F79EFBC}") = "MakeConst.Test", "MakeConst\MakeConst.Test\MakeConst.Test.csproj", "{21F35BC7-F426-45A9-A8C3-21C894D45F94}"
EndProject
Project("{FAE04EC0-301F-11D3-BF4B-00C04F79EFBC}") = "MakeConst.Vsix", "MakeConst\MakeConst.Vsix\MakeConst.Vsix.csproj", "{EFF40168-12B5-4305-B1E1-48E205E47774}"
EndProject
Global
	GlobalSection(SolutionConfigurationPlatforms) = preSolution
		Debug|Any CPU = Debug|Any CPU
		Release|Any CPU = Release|Any CPU
	EndGlobalSection
	GlobalSection(ProjectConfigurationPlatforms) = postSolution
		{2CBCCBCD-8ECE-4162-B5B6-6B7D0CACC59F}.Debug|Any CPU.ActiveCfg = Debug|Any CPU
		{2CBCCBCD-8ECE-4162-B5B6-6B7D0CACC59F}.Debug|Any CPU.Build.0 = Debug|Any CPU
		{2CBCCBCD-8ECE-4162-B5B6-6B7D0CACC59F}.Release|Any CPU.ActiveCfg = Release|Any CPU
		{2CBCCBCD-8ECE-4162-B5B6-6B7D0CACC59F}.Release|Any CPU.Build.0 = Release|Any CPU
		{3AA76449-17F0-4BB3-A4E5-BB344C54D4D5}.Debug|Any CPU.ActiveCfg = Debug|Any CPU
		{3AA76449-17F0-4BB3-A4E5-BB344C54D4D5}.Debug|Any CPU.Build.0 = Debug|Any CPU
		{3AA76449-17F0-4BB3-A4E5-BB344C54D4D5}.Release|Any CPU.ActiveCfg = Release|Any CPU
		{3AA76449-17F0-4BB3-A4E5-BB344C54D4D5}.Release|Any CPU.Build.0 = Release|Any CPU
		{B8B2EBAD-E0D7-489F-BCC7-C8CE4A412D29}.Debug|Any CPU.ActiveCfg = Debug|Any CPU
		{B8B2EBAD-E0D7-489F-BCC7-C8CE4A412D29}.Debug|Any CPU.Build.0 = Debug|Any CPU
		{B8B2EBAD-E0D7-489F-BCC7-C8CE4A412D29}.Release|Any CPU.ActiveCfg = Release|Any CPU
		{B8B2EBAD-E0D7-489F-BCC7-C8CE4A412D29}.Release|Any CPU.Build.0 = Release|Any CPU
		{21F35BC7-F426-45A9-A8C3-21C894D45F94}.Debug|Any CPU.ActiveCfg = Debug|Any CPU
		{21F35BC7-F426-45A9-A8C3-21C894D45F94}.Debug|Any CPU.Build.0 = Debug|Any CPU
		{21F35BC7-F426-45A9-A8C3-21C894D45F94}.Release|Any CPU.ActiveCfg = Release|Any CPU
		{21F35BC7-F426-45A9-A8C3-21C894D45F94}.Release|Any CPU.Build.0 = Release|Any CPU
		{EFF40168-12B5-4305-B1E1-48E205E47774}.Debug|Any CPU.ActiveCfg = Debug|Any CPU
		{EFF40168-12B5-4305-B1E1-48E205E47774}.Debug|Any CPU.Build.0 = Debug|Any CPU
		{EFF40168-12B5-4305-B1E1-48E205E47774}.Release|Any CPU.ActiveCfg = Release|Any CPU
		{EFF40168-12B5-4305-B1E1-48E205E47774}.Release|Any CPU.Build.0 = Release|Any CPU
	EndGlobalSection
	GlobalSection(SolutionProperties) = preSolution
		HideSolutionNode = FALSE
	EndGlobalSection
	GlobalSection(ExtensibilityGlobals) = postSolution
		SolutionGuid = {32E08708-B878-417C-8F35-306F7FC01F8B}
	EndGlobalSection
EndGlobal
